
Microsoft Visual Studio Solution File, Format Version 12.00
# Visual Studio Version 16
VisualStudioVersion = 16.0.30114.105
MinimumVisualStudioVersion = 10.0.40219.1
Project("{FAE04EC0-301F-11D3-BF4B-00C04F79EFBC}") = "API", "API\API.csproj", "{05A22F3B-7101-4709-B703-E3EB2DC6CE1D}"
EndProject
Project("{FAE04EC0-301F-11D3-BF4B-00C04F79EFBC}") = "Core", "Core\Core.csproj", "{FE0D9897-808A-4402-9968-3498E702647D}"
EndProject
Project("{FAE04EC0-301F-11D3-BF4B-00C04F79EFBC}") = "Infrastructure", "Infrastructure\Infrastructure.csproj", "{4A2823F1-D5B2-4615-A658-A9B09FBFC733}"
EndProject
Global
	GlobalSection(SolutionConfigurationPlatforms) = preSolution
		Debug|Any CPU = Debug|Any CPU
		Release|Any CPU = Release|Any CPU
	EndGlobalSection
	GlobalSection(SolutionProperties) = preSolution
		HideSolutionNode = FALSE
	EndGlobalSection
	GlobalSection(ProjectConfigurationPlatforms) = postSolution
		{05A22F3B-7101-4709-B703-E3EB2DC6CE1D}.Debug|Any CPU.ActiveCfg = Debug|Any CPU
		{05A22F3B-7101-4709-B703-E3EB2DC6CE1D}.Debug|Any CPU.Build.0 = Debug|Any CPU
		{05A22F3B-7101-4709-B703-E3EB2DC6CE1D}.Release|Any CPU.ActiveCfg = Release|Any CPU
		{05A22F3B-7101-4709-B703-E3EB2DC6CE1D}.Release|Any CPU.Build.0 = Release|Any CPU
		{FE0D9897-808A-4402-9968-3498E702647D}.Debug|Any CPU.ActiveCfg = Debug|Any CPU
		{FE0D9897-808A-4402-9968-3498E702647D}.Debug|Any CPU.Build.0 = Debug|Any CPU
		{FE0D9897-808A-4402-9968-3498E702647D}.Release|Any CPU.ActiveCfg = Release|Any CPU
		{FE0D9897-808A-4402-9968-3498E702647D}.Release|Any CPU.Build.0 = Release|Any CPU
		{4A2823F1-D5B2-4615-A658-A9B09FBFC733}.Debug|Any CPU.ActiveCfg = Debug|Any CPU
		{4A2823F1-D5B2-4615-A658-A9B09FBFC733}.Debug|Any CPU.Build.0 = Debug|Any CPU
		{4A2823F1-D5B2-4615-A658-A9B09FBFC733}.Release|Any CPU.ActiveCfg = Release|Any CPU
		{4A2823F1-D5B2-4615-A658-A9B09FBFC733}.Release|Any CPU.Build.0 = Release|Any CPU
	EndGlobalSection
EndGlobal
